
Microsoft Visual Studio Solution File, Format Version 12.00
# Visual Studio Version 17
VisualStudioVersion = 17.14.36414.22 d17.14
MinimumVisualStudioVersion = 10.0.40219.1
Project("{FAE04EC0-301F-11D3-BF4B-00C04F79EFBC}") = "FinanceApp", "FinanceApp.csproj", "{C7925270-30C1-44FF-8AA2-A4E95E4E3782}"
EndProject
Global
	GlobalSection(SolutionConfigurationPlatforms) = preSolution
		Debug|Any CPU = Debug|Any CPU
		Release|Any CPU = Release|Any CPU
	EndGlobalSection
	GlobalSection(ProjectConfigurationPlatforms) = postSolution
		{C7925270-30C1-44FF-8AA2-A4E95E4E3782}.Debug|Any CPU.ActiveCfg = Debug|Any CPU
		{C7925270-30C1-44FF-8AA2-A4E95E4E3782}.Debug|Any CPU.Build.0 = Debug|Any CPU
		{C7925270-30C1-44FF-8AA2-A4E95E4E3782}.Release|Any CPU.ActiveCfg = Release|Any CPU
		{C7925270-30C1-44FF-8AA2-A4E95E4E3782}.Release|Any CPU.Build.0 = Release|Any CPU
	EndGlobalSection
	GlobalSection(SolutionProperties) = preSolution
		HideSolutionNode = FALSE
	EndGlobalSection
	GlobalSection(ExtensibilityGlobals) = postSolution
		SolutionGuid = {BAD5C223-4326-41DD-945F-7F2B5273D6EC}
	EndGlobalSection
EndGlobal
